
Microsoft Visual Studio Solution File, Format Version 12.00
# Visual Studio Version 16
VisualStudioVersion = 16.0.30621.155
MinimumVisualStudioVersion = 10.0.40219.1
Project("{FAE04EC0-301F-11D3-BF4B-00C04F79EFBC}") = "Filler", "Filler.csproj", "{7743E89E-72ED-4295-960F-C6AC544C96FA}"
EndProject
Global
	GlobalSection(SolutionConfigurationPlatforms) = preSolution
		Debug|Any CPU = Debug|Any CPU
		Release|Any CPU = Release|Any CPU
	EndGlobalSection
	GlobalSection(ProjectConfigurationPlatforms) = postSolution
		{7743E89E-72ED-4295-960F-C6AC544C96FA}.Debug|Any CPU.ActiveCfg = Debug|Any CPU
		{7743E89E-72ED-4295-960F-C6AC544C96FA}.Debug|Any CPU.Build.0 = Debug|Any CPU
		{7743E89E-72ED-4295-960F-C6AC544C96FA}.Release|Any CPU.ActiveCfg = Release|Any CPU
		{7743E89E-72ED-4295-960F-C6AC544C96FA}.Release|Any CPU.Build.0 = Release|Any CPU
	EndGlobalSection
	GlobalSection(SolutionProperties) = preSolution
		HideSolutionNode = FALSE
	EndGlobalSection
	GlobalSection(ExtensibilityGlobals) = postSolution
		SolutionGuid = {1D9A46B3-A46B-4FA4-8BC4-F2E8177354AD}
	EndGlobalSection
EndGlobal
