
Microsoft Visual Studio Solution File, Format Version 12.00
# Visual Studio Version 16
VisualStudioVersion = 16.0.29613.14
MinimumVisualStudioVersion = 10.0.40219.1
Project("{FAE04EC0-301F-11D3-BF4B-00C04F79EFBC}") = "Neo4jTest", "Neo4jTest\Neo4jTest.csproj", "{AD908B41-EFB5-4FEA-8C25-27FA71FFA099}"
EndProject
Global
	GlobalSection(SolutionConfigurationPlatforms) = preSolution
		Debug|Any CPU = Debug|Any CPU
		Release|Any CPU = Release|Any CPU
	EndGlobalSection
	GlobalSection(ProjectConfigurationPlatforms) = postSolution
		{AD908B41-EFB5-4FEA-8C25-27FA71FFA099}.Debug|Any CPU.ActiveCfg = Debug|Any CPU
		{AD908B41-EFB5-4FEA-8C25-27FA71FFA099}.Debug|Any CPU.Build.0 = Debug|Any CPU
		{AD908B41-EFB5-4FEA-8C25-27FA71FFA099}.Release|Any CPU.ActiveCfg = Release|Any CPU
		{AD908B41-EFB5-4FEA-8C25-27FA71FFA099}.Release|Any CPU.Build.0 = Release|Any CPU
	EndGlobalSection
	GlobalSection(SolutionProperties) = preSolution
		HideSolutionNode = FALSE
	EndGlobalSection
	GlobalSection(ExtensibilityGlobals) = postSolution
		SolutionGuid = {DA322256-5326-4582-9785-C5D802DC62B7}
	EndGlobalSection
EndGlobal
